
Microsoft Visual Studio Solution File, Format Version 12.00
# Visual Studio 15
VisualStudioVersion = 15.0.28307.271
MinimumVisualStudioVersion = 10.0.40219.1
Project("{FAE04EC0-301F-11D3-BF4B-00C04F79EFBC}") = "PostgresInANutshell", "PostgresInANutshell\PostgresInANutshell.csproj", "{1E44803A-55A9-4172-B749-13C8DF4E8963}"
EndProject
Project("{2150E333-8FDC-42A3-9474-1A3956D46DE8}") = "Indexes", "Indexes", "{44C9ACE2-3306-432F-B85C-DA724256D3D5}"
	ProjectSection(SolutionItems) = preProject
		CoolCommands.sql = CoolCommands.sql
		IndexesPerformance.sql = IndexesPerformance.sql
	EndProjectSection
EndProject
Project("{2150E333-8FDC-42A3-9474-1A3956D46DE8}") = "DataTypes", "DataTypes", "{0B422E53-D122-4DE7-836E-075F6F36DD9D}"
	ProjectSection(SolutionItems) = preProject
		Types.sql = Types.sql
	EndProjectSection
EndProject
Project("{2150E333-8FDC-42A3-9474-1A3956D46DE8}") = "Inheritace", "Inheritace", "{C6E7D464-A4BE-40DC-9CAC-EDB6CE036CE3}"
	ProjectSection(SolutionItems) = preProject
		TableInheritance.sql = TableInheritance.sql
	EndProjectSection
EndProject
Project("{2150E333-8FDC-42A3-9474-1A3956D46DE8}") = "FullText", "FullText", "{BFC2B8F2-0503-480A-B6D2-EF85941948E9}"
	ProjectSection(SolutionItems) = preProject
		FullTextSearch.sql = FullTextSearch.sql
	EndProjectSection
EndProject
Global
	GlobalSection(SolutionConfigurationPlatforms) = preSolution
		Debug|Any CPU = Debug|Any CPU
		Release|Any CPU = Release|Any CPU
	EndGlobalSection
	GlobalSection(ProjectConfigurationPlatforms) = postSolution
		{1E44803A-55A9-4172-B749-13C8DF4E8963}.Debug|Any CPU.ActiveCfg = Debug|Any CPU
		{1E44803A-55A9-4172-B749-13C8DF4E8963}.Debug|Any CPU.Build.0 = Debug|Any CPU
		{1E44803A-55A9-4172-B749-13C8DF4E8963}.Release|Any CPU.ActiveCfg = Release|Any CPU
		{1E44803A-55A9-4172-B749-13C8DF4E8963}.Release|Any CPU.Build.0 = Release|Any CPU
	EndGlobalSection
	GlobalSection(SolutionProperties) = preSolution
		HideSolutionNode = FALSE
	EndGlobalSection
	GlobalSection(ExtensibilityGlobals) = postSolution
		SolutionGuid = {E85BD307-FF5F-4143-90E4-FAC7D7A81791}
	EndGlobalSection
EndGlobal
